
Microsoft Visual Studio Solution File, Format Version 12.00
# Visual Studio Version 17
VisualStudioVersion = 17.0.31903.59
MinimumVisualStudioVersion = 10.0.40219.1
Project("{FAE04EC0-301F-11D3-BF4B-00C04F79EFBC}") = "API", "API\API.csproj", "{59D637DA-D50C-489D-9A45-E00B92196794}"
EndProject
Project("{FAE04EC0-301F-11D3-BF4B-00C04F79EFBC}") = "Application", "Application\Application.csproj", "{3B0ECEAD-D348-432F-B517-9285ACB7BFC2}"
EndProject
Project("{FAE04EC0-301F-11D3-BF4B-00C04F79EFBC}") = "Domain", "Domain\Domain.csproj", "{A688611C-E5DE-4DA5-B2AA-C2EE693EC742}"
EndProject
Project("{FAE04EC0-301F-11D3-BF4B-00C04F79EFBC}") = "Persistence", "Persistence\Persistence.csproj", "{46A2525A-59EC-434F-9725-A0397852B756}"
EndProject
Global
	GlobalSection(SolutionConfigurationPlatforms) = preSolution
		Debug|Any CPU = Debug|Any CPU
		Release|Any CPU = Release|Any CPU
	EndGlobalSection
	GlobalSection(SolutionProperties) = preSolution
		HideSolutionNode = FALSE
	EndGlobalSection
	GlobalSection(ProjectConfigurationPlatforms) = postSolution
		{59D637DA-D50C-489D-9A45-E00B92196794}.Debug|Any CPU.ActiveCfg = Debug|Any CPU
		{59D637DA-D50C-489D-9A45-E00B92196794}.Debug|Any CPU.Build.0 = Debug|Any CPU
		{59D637DA-D50C-489D-9A45-E00B92196794}.Release|Any CPU.ActiveCfg = Release|Any CPU
		{59D637DA-D50C-489D-9A45-E00B92196794}.Release|Any CPU.Build.0 = Release|Any CPU
		{3B0ECEAD-D348-432F-B517-9285ACB7BFC2}.Debug|Any CPU.ActiveCfg = Debug|Any CPU
		{3B0ECEAD-D348-432F-B517-9285ACB7BFC2}.Debug|Any CPU.Build.0 = Debug|Any CPU
		{3B0ECEAD-D348-432F-B517-9285ACB7BFC2}.Release|Any CPU.ActiveCfg = Release|Any CPU
		{3B0ECEAD-D348-432F-B517-9285ACB7BFC2}.Release|Any CPU.Build.0 = Release|Any CPU
		{A688611C-E5DE-4DA5-B2AA-C2EE693EC742}.Debug|Any CPU.ActiveCfg = Debug|Any CPU
		{A688611C-E5DE-4DA5-B2AA-C2EE693EC742}.Debug|Any CPU.Build.0 = Debug|Any CPU
		{A688611C-E5DE-4DA5-B2AA-C2EE693EC742}.Release|Any CPU.ActiveCfg = Release|Any CPU
		{A688611C-E5DE-4DA5-B2AA-C2EE693EC742}.Release|Any CPU.Build.0 = Release|Any CPU
		{46A2525A-59EC-434F-9725-A0397852B756}.Debug|Any CPU.ActiveCfg = Debug|Any CPU
		{46A2525A-59EC-434F-9725-A0397852B756}.Debug|Any CPU.Build.0 = Debug|Any CPU
		{46A2525A-59EC-434F-9725-A0397852B756}.Release|Any CPU.ActiveCfg = Release|Any CPU
		{46A2525A-59EC-434F-9725-A0397852B756}.Release|Any CPU.Build.0 = Release|Any CPU
	EndGlobalSection
EndGlobal
